
Microsoft Visual Studio Solution File, Format Version 12.00
# Visual Studio Version 16
Project("{8BC9CEB8-8B4A-11D0-8D11-00A0C91BC942}") = "Sandbox", "Sandbox\Sandbox.vcxproj", "{F4C124E3-60A1-A37E-69B9-2E55D5170AE0}"
EndProject
Project("{8BC9CEB8-8B4A-11D0-8D11-00A0C91BC942}") = "Engine-test", "Engine-test\Engine-test.vcxproj", "{48909161-B445-0A57-3D3A-042EA9EE005B}"
EndProject
Global
	GlobalSection(SolutionConfigurationPlatforms) = preSolution
		Debug|x64 = Debug|x64
		Dist|x64 = Dist|x64
		release|x64 = release|x64
	EndGlobalSection
	GlobalSection(ProjectConfigurationPlatforms) = postSolution
		{F4C124E3-60A1-A37E-69B9-2E55D5170AE0}.Debug|x64.ActiveCfg = Debug|x64
		{F4C124E3-60A1-A37E-69B9-2E55D5170AE0}.Debug|x64.Build.0 = Debug|x64
		{F4C124E3-60A1-A37E-69B9-2E55D5170AE0}.Dist|x64.ActiveCfg = Dist|x64
		{F4C124E3-60A1-A37E-69B9-2E55D5170AE0}.Dist|x64.Build.0 = Dist|x64
		{F4C124E3-60A1-A37E-69B9-2E55D5170AE0}.release|x64.ActiveCfg = release|x64
		{F4C124E3-60A1-A37E-69B9-2E55D5170AE0}.release|x64.Build.0 = release|x64
		{48909161-B445-0A57-3D3A-042EA9EE005B}.Debug|x64.ActiveCfg = Debug|x64
		{48909161-B445-0A57-3D3A-042EA9EE005B}.Debug|x64.Build.0 = Debug|x64
		{48909161-B445-0A57-3D3A-042EA9EE005B}.Dist|x64.ActiveCfg = Dist|x64
		{48909161-B445-0A57-3D3A-042EA9EE005B}.Dist|x64.Build.0 = Dist|x64
		{48909161-B445-0A57-3D3A-042EA9EE005B}.release|x64.ActiveCfg = release|x64
		{48909161-B445-0A57-3D3A-042EA9EE005B}.release|x64.Build.0 = release|x64
	EndGlobalSection
	GlobalSection(SolutionProperties) = preSolution
		HideSolutionNode = FALSE
	EndGlobalSection
EndGlobal
